
Microsoft Visual Studio Solution File, Format Version 12.00
# Visual Studio Version 17
VisualStudioVersion = 17.0.32112.339
MinimumVisualStudioVersion = 10.0.40219.1
Project("{8BC9CEB8-8B4A-11D0-8D11-00A0C91BC942}") = "EX5.6", "EX5.6\EX5.6.vcxproj", "{536EFF70-D4DC-482F-8D2A-1D24CD7C45C9}"
EndProject
Global
	GlobalSection(SolutionConfigurationPlatforms) = preSolution
		Debug|x64 = Debug|x64
		Debug|x86 = Debug|x86
		Release|x64 = Release|x64
		Release|x86 = Release|x86
	EndGlobalSection
	GlobalSection(ProjectConfigurationPlatforms) = postSolution
		{536EFF70-D4DC-482F-8D2A-1D24CD7C45C9}.Debug|x64.ActiveCfg = Debug|x64
		{536EFF70-D4DC-482F-8D2A-1D24CD7C45C9}.Debug|x64.Build.0 = Debug|x64
		{536EFF70-D4DC-482F-8D2A-1D24CD7C45C9}.Debug|x86.ActiveCfg = Debug|Win32
		{536EFF70-D4DC-482F-8D2A-1D24CD7C45C9}.Debug|x86.Build.0 = Debug|Win32
		{536EFF70-D4DC-482F-8D2A-1D24CD7C45C9}.Release|x64.ActiveCfg = Release|x64
		{536EFF70-D4DC-482F-8D2A-1D24CD7C45C9}.Release|x64.Build.0 = Release|x64
		{536EFF70-D4DC-482F-8D2A-1D24CD7C45C9}.Release|x86.ActiveCfg = Release|Win32
		{536EFF70-D4DC-482F-8D2A-1D24CD7C45C9}.Release|x86.Build.0 = Release|Win32
	EndGlobalSection
	GlobalSection(SolutionProperties) = preSolution
		HideSolutionNode = FALSE
	EndGlobalSection
	GlobalSection(ExtensibilityGlobals) = postSolution
		SolutionGuid = {662D4B84-B49D-492F-9396-E76C14D4B37C}
	EndGlobalSection
EndGlobal
